
Microsoft Visual Studio Solution File, Format Version 12.00
# Visual Studio Version 16
VisualStudioVersion = 16.0.31829.152
MinimumVisualStudioVersion = 10.0.40219.1
Project("{8BC9CEB8-8B4A-11D0-8D11-00A0C91BC942}") = "lgs", "lgs\lgs.vcxproj", "{C0980700-1022-46E1-9E75-74C30AA14F18}"
EndProject
Global
	GlobalSection(SolutionConfigurationPlatforms) = preSolution
		Debug|x64 = Debug|x64
		Debug|x86 = Debug|x86
		Release|x64 = Release|x64
		Release|x86 = Release|x86
	EndGlobalSection
	GlobalSection(ProjectConfigurationPlatforms) = postSolution
		{C0980700-1022-46E1-9E75-74C30AA14F18}.Debug|x64.ActiveCfg = Debug|x64
		{C0980700-1022-46E1-9E75-74C30AA14F18}.Debug|x64.Build.0 = Debug|x64
		{C0980700-1022-46E1-9E75-74C30AA14F18}.Debug|x86.ActiveCfg = Debug|Win32
		{C0980700-1022-46E1-9E75-74C30AA14F18}.Debug|x86.Build.0 = Debug|Win32
		{C0980700-1022-46E1-9E75-74C30AA14F18}.Release|x64.ActiveCfg = Release|x64
		{C0980700-1022-46E1-9E75-74C30AA14F18}.Release|x64.Build.0 = Release|x64
		{C0980700-1022-46E1-9E75-74C30AA14F18}.Release|x86.ActiveCfg = Release|Win32
		{C0980700-1022-46E1-9E75-74C30AA14F18}.Release|x86.Build.0 = Release|Win32
	EndGlobalSection
	GlobalSection(SolutionProperties) = preSolution
		HideSolutionNode = FALSE
	EndGlobalSection
	GlobalSection(ExtensibilityGlobals) = postSolution
		SolutionGuid = {1ACBA6EE-5517-4818-86AE-2E52FCF6F2B5}
	EndGlobalSection
EndGlobal
